
Microsoft Visual Studio Solution File, Format Version 12.00
# Visual Studio 14
VisualStudioVersion = 14.0.23107.0
MinimumVisualStudioVersion = 10.0.40219.1
Project("{2150E333-8FDC-42A3-9474-1A3956D46DE8}") = "0-Util", "0-Util", "{A3B3B8FB-4835-4BAC-969E-24074DDE471B}"
EndProject
Project("{2150E333-8FDC-42A3-9474-1A3956D46DE8}") = "2-Universal", "2-Universal", "{4ECF4EB6-30AA-4456-8D36-C86317F0ED11}"
EndProject
Project("{2150E333-8FDC-42A3-9474-1A3956D46DE8}") = "3-Concrete", "3-Concrete", "{2F11CC8B-6A3E-4BF9-8B9E-5E24C8CEAD3B}"
EndProject
Project("{2150E333-8FDC-42A3-9474-1A3956D46DE8}") = "1-Foudation", "1-Foudation", "{9971BD60-E75B-471B-B3B0-340EB0B8172A}"
EndProject
Project("{2150E333-8FDC-42A3-9474-1A3956D46DE8}") = "2-Infrastructure", "2-Infrastructure", "{9151012E-C990-4B5B-A470-6B0F7B9C6B51}"
EndProject
Project("{2150E333-8FDC-42A3-9474-1A3956D46DE8}") = "3-Domains", "3-Domains", "{2A18FD4C-E9BF-42D6-9BEF-CB4C92EBEEE5}"
EndProject
Project("{2150E333-8FDC-42A3-9474-1A3956D46DE8}") = "4-Services", "4-Services", "{0967D5C0-E1C0-4049-B69D-833A36FB1E16}"
EndProject
Project("{2150E333-8FDC-42A3-9474-1A3956D46DE8}") = "5-Presentation", "5-Presentation", "{DE2E2283-8E9C-46D8-836E-83E1174E5ECE}"
EndProject
Project("{2150E333-8FDC-42A3-9474-1A3956D46DE8}") = "8-Tests", "8-Tests", "{000E6221-4535-476B-84AF-B782A6B842B5}"
EndProject
Project("{2150E333-8FDC-42A3-9474-1A3956D46DE8}") = "9-Document", "9-Document", "{596DB967-DA3C-4D20-BA3D-F472D92E389A}"
EndProject
Project("{2150E333-8FDC-42A3-9474-1A3956D46DE8}") = "06-Domains", "06-Domains", "{C08D1499-63C6-4F13-BB0E-185432723BDD}"
EndProject
Project("{2150E333-8FDC-42A3-9474-1A3956D46DE8}") = "01-Core", "01-Core", "{8E5D240B-4FB9-4E81-9945-A99773A571D6}"
EndProject
Project("{2150E333-8FDC-42A3-9474-1A3956D46DE8}") = "00-Resources", "00-Resources", "{651AC251-10CE-4AE0-B3F5-2CB51C88A38B}"
EndProject
Project("{2150E333-8FDC-42A3-9474-1A3956D46DE8}") = "9-CodeStudy", "9-CodeStudy", "{DAAF85A3-AD03-4896-AD78-05033BAFA527}"
EndProject
Project("{2150E333-8FDC-42A3-9474-1A3956D46DE8}") = "DDD", "DDD", "{0BC1606A-4F65-4FD0-94CA-F6E99DE7102E}"
EndProject
Project("{2150E333-8FDC-42A3-9474-1A3956D46DE8}") = "DDDEvent", "DDDEvent", "{B3A88F5A-37BF-4009-8505-E445DE564F0D}"
EndProject
Project("{2150E333-8FDC-42A3-9474-1A3956D46DE8}") = "EntityFrameworkCodeFirst", "EntityFrameworkCodeFirst", "{945F3F66-B6B4-4C14-86E7-06AB1CE6AE97}"
EndProject
Project("{2150E333-8FDC-42A3-9474-1A3956D46DE8}") = "EntityFrameworkDbContext", "EntityFrameworkDbContext", "{306C6380-2BBF-4B13-BA07-9351A89C648D}"
EndProject
Project("{2150E333-8FDC-42A3-9474-1A3956D46DE8}") = "JavaScript", "JavaScript", "{E47D66B4-0904-44C1-8604-227047EDC469}"
EndProject
Project("{2150E333-8FDC-42A3-9474-1A3956D46DE8}") = "Misc", "Misc", "{45CADF51-2329-483B-AD51-2DA1C76C739C}"
EndProject
Project("{2150E333-8FDC-42A3-9474-1A3956D46DE8}") = "UI", "UI", "{CFAA816F-2714-4F50-802F-A25097A89FF5}"
EndProject
Project("{2150E333-8FDC-42A3-9474-1A3956D46DE8}") = "BeiMeng", "BeiMeng", "{0AF8ED1D-FC0E-4CFE-A3F7-AD7E6CDCF4FC}"
EndProject
Project("{2150E333-8FDC-42A3-9474-1A3956D46DE8}") = "AutoMapper", "AutoMapper", "{43FE7506-AC99-4A82-A266-6D6532E8443B}"
EndProject
Project("{2150E333-8FDC-42A3-9474-1A3956D46DE8}") = "05-Logs", "05-Logs", "{616E2E89-B489-40A9-AA1A-3F9CCC1BE2F9}"
EndProject
Project("{2150E333-8FDC-42A3-9474-1A3956D46DE8}") = "Log4Net", "Log4Net", "{59A2947E-3D85-4060-B277-4069BC506143}"
EndProject
Project("{2150E333-8FDC-42A3-9474-1A3956D46DE8}") = "04-Security", "04-Security", "{2EEC49B1-82C0-4F56-B000-B0005B4258A8}"
EndProject
Project("{2150E333-8FDC-42A3-9474-1A3956D46DE8}") = "Security", "Security", "{DE3B2BBF-9A47-49FF-8C59-B74077FC14FC}"
EndProject
Project("{FAE04EC0-301F-11D3-BF4B-00C04F79EFBC}") = "CodeStudy.BeiMeng.AutoMapper", "CodeStudy\BeiMeng\AutoMapper\CodeStudy.BeiMeng.AutoMapper\CodeStudy.BeiMeng.AutoMapper.csproj", "{AEBF7DA9-54A4-4561-B711-E11B55D4467E}"
EndProject
Project("{FAE04EC0-301F-11D3-BF4B-00C04F79EFBC}") = "CodeStudy.BeiMeng.AutoMapper.Demo", "CodeStudy\BeiMeng\AutoMapper\CodeStudy.BeiMeng.AutoMapper.Demo\CodeStudy.BeiMeng.AutoMapper.Demo.csproj", "{545FEC15-843D-4F51-A232-ED4BC88AF374}"
EndProject
Project("{FAE04EC0-301F-11D3-BF4B-00C04F79EFBC}") = "CodeStudy.BeiMeng.AutoMapper.Tests", "CodeStudy\BeiMeng\AutoMapper\CodeStudy.BeiMeng.AutoMapper.Tests\CodeStudy.BeiMeng.AutoMapper.Tests.csproj", "{E0A03B9C-11E0-4300-8B2A-86ADDE04F450}"
EndProject
Project("{FAE04EC0-301F-11D3-BF4B-00C04F79EFBC}") = "CodeStudy.BeiMeng.AutoMapper.WebDemo", "CodeStudy\BeiMeng\AutoMapper\CodeStudy.BeiMeng.AutoMapper.WebDemo\CodeStudy.BeiMeng.AutoMapper.WebDemo.csproj", "{BB9CE649-C9A5-4776-8ACB-214491423DC5}"
EndProject
Project("{FAE04EC0-301F-11D3-BF4B-00C04F79EFBC}") = "CodeStudy.BeiMeng.Security.WebDemo", "CodeStudy\BeiMeng\Security\CodeStudy.BeiMeng.Security\CodeStudy.BeiMeng.Security.WebDemo.csproj", "{D7E41C7A-E335-4ECC-9220-68E7CCF57CC5}"
EndProject
Project("{FAE04EC0-301F-11D3-BF4B-00C04F79EFBC}") = "Util.Resources", "Util\Util.Resources\Util.Resources.csproj", "{5FBF5C67-B60C-4CCE-A2E6-06BA78BFBB31}"
EndProject
Project("{FAE04EC0-301F-11D3-BF4B-00C04F79EFBC}") = "Util.Core", "Util\Util.Core\Util.Core.csproj", "{A8B7C8EE-7D75-4F2D-B42D-66DD4795BDA2}"
EndProject
Project("{FAE04EC0-301F-11D3-BF4B-00C04F79EFBC}") = "Util.Core.Tests", "Util\Util.Core.Tests\Util.Core.Tests.csproj", "{3FA27133-6279-4C88-AD4D-4D18B62CAE40}"
EndProject
Project("{FAE04EC0-301F-11D3-BF4B-00C04F79EFBC}") = "Util.Security", "Util\Util.Security\Util.Security.csproj", "{0902955B-7CD0-4EE6-8EFC-2982704B96A4}"
EndProject
Project("{FAE04EC0-301F-11D3-BF4B-00C04F79EFBC}") = "Util.Logs.Log4", "Util\Util.Logs.Log4\Util.Logs.Log4.csproj", "{1AA31564-D9D8-4062-A044-88876BAF9DD0}"
EndProject
Project("{FAE04EC0-301F-11D3-BF4B-00C04F79EFBC}") = "Util.Domains", "Util\Util.Domains\Util.Domains.csproj", "{531A9402-E0CE-4121-AD93-47111D96618F}"
EndProject
Project("{FAE04EC0-301F-11D3-BF4B-00C04F79EFBC}") = "Universal.Document", "Universal\Universal.Document\Universal.Document.csproj", "{F7C63792-F2B1-401D-8BE9-FBA180B99A3A}"
EndProject
Project("{FAE04EC0-301F-11D3-BF4B-00C04F79EFBC}") = "Universal.Domains", "Universal\Universal.Domains\Universal.Domains.csproj", "{2C45C632-AFB5-4139-A896-5EBFA986F74E}"
EndProject
Project("{FAE04EC0-301F-11D3-BF4B-00C04F79EFBC}") = "CodeStudy.EntityFrameworkCodeFirst.DataAccess", "CodeStudy\EntityFrameworkCodeFirst\CodeStudy.EntityFrameworkCodeFirst.DataAccess\CodeStudy.EntityFrameworkCodeFirst.DataAccess.csproj", "{199F63D3-7A1F-41ED-8D5F-8EBA936FBF7F}"
EndProject
Project("{FAE04EC0-301F-11D3-BF4B-00C04F79EFBC}") = "CodeStudy.EntityFrameworkCodeFirst.Model", "CodeStudy\EntityFrameworkCodeFirst\CodeStudy.EntityFrameworkCodeFirst.Model\CodeStudy.EntityFrameworkCodeFirst.Model.csproj", "{72D4422A-56A7-4A50-8D9E-D0742405FA8D}"
EndProject
Project("{FAE04EC0-301F-11D3-BF4B-00C04F79EFBC}") = "CodeStudy.EntityFrameworkCodeFirst.UnitTest", "CodeStudy\EntityFrameworkCodeFirst\CodeStudy.EntityFrameworkCodeFirst.UnitTest\CodeStudy.EntityFrameworkCodeFirst.UnitTest.csproj", "{E4CE3607-7C7F-4EB4-92F9-E8FF33AABC79}"
EndProject
Project("{FAE04EC0-301F-11D3-BF4B-00C04F79EFBC}") = "CodeStudy.EntityFrameworkDbContext.DataAccess", "CodeStudy\EntityFrameworkDbContext\CodeStudy.EntityFrameworkDbContext.DataAccess\CodeStudy.EntityFrameworkDbContext.DataAccess.csproj", "{E2375A5D-6360-4A7B-A532-498534C941D5}"
EndProject
Project("{FAE04EC0-301F-11D3-BF4B-00C04F79EFBC}") = "CodeStudy.EntityFrameworkDbContext.Model", "CodeStudy\EntityFrameworkDbContext\CodeStudy.EntityFrameworkDbContext.Model\CodeStudy.EntityFrameworkDbContext.Model.csproj", "{390133A9-85D0-4E9C-AC26-AE630B3D1124}"
EndProject
Project("{FAE04EC0-301F-11D3-BF4B-00C04F79EFBC}") = "CodeStudy.EntityFrameworkDbContext.UnitTest", "CodeStudy\EntityFrameworkDbContext\CodeStudy.EntityFrameworkDbContext.UnitTest\CodeStudy.EntityFrameworkDbContext.UnitTest.csproj", "{E53CCDB0-F7B6-481D-9AE9-DE7D94D2BC84}"
EndProject
Project("{FAE04EC0-301F-11D3-BF4B-00C04F79EFBC}") = "CodeStudy.DDD.DDDEvent.DomainEvent", "CodeStudy\DDDEvent\CodeStudy.DDD.DDDEvent.DomainEvent\CodeStudy.DDD.DDDEvent.DomainEvent.csproj", "{F947FC0F-DE0B-4A46-94E1-BFB504D30BE3}"
EndProject
Project("{FAE04EC0-301F-11D3-BF4B-00C04F79EFBC}") = "CodeStudy.DDD.DDDEvent.DomainEvent.Unity", "CodeStudy\DDDEvent\CodeStudy.DDD.DDDEvent.DomainEvent.Unity\CodeStudy.DDD.DDDEvent.DomainEvent.Unity.csproj", "{93FA507E-0C43-4465-8FF4-761703E7FCA4}"
EndProject
Project("{FAE04EC0-301F-11D3-BF4B-00C04F79EFBC}") = "CodeStudy.DDD.DDDEvent.DomainEventA", "CodeStudy\DDDEvent\CodeStudy.DDD.DDDEvent.DomainEventA\CodeStudy.DDD.DDDEvent.DomainEventA.csproj", "{D36AF29C-68C7-45FF-AAF1-D16714E5AC8E}"
EndProject
Project("{FAE04EC0-301F-11D3-BF4B-00C04F79EFBC}") = "CodeStudy.DDD.DDDEvent.DomainEventB", "CodeStudy\DDDEvent\CodeStudy.DDD.DDDEvent.DomainEventB\CodeStudy.DDD.DDDEvent.DomainEventB.csproj", "{D512B446-0F57-4C91-90E5-5FB2A758E0D1}"
EndProject
Project("{FAE04EC0-301F-11D3-BF4B-00C04F79EFBC}") = "CodeStudy.DDD.DDDEvent.DomainEventDemo", "CodeStudy\DDDEvent\CodeStudy.DDD.DDDEvent.DomainEventDemo\CodeStudy.DDD.DDDEvent.DomainEventDemo.csproj", "{5BAC9C3C-7FA8-49E9-9F96-ED723E3B0BDF}"
EndProject
Project("{FAE04EC0-301F-11D3-BF4B-00C04F79EFBC}") = "CodeStudy.JavaScript.jQuery", "CodeStudy\JavaScript\CodeStudy.JavaScript.jQuery\CodeStudy.JavaScript.jQuery.csproj", "{6A46A182-978E-49E6-85CA-69A159CB4A7F}"
EndProject
Project("{FAE04EC0-301F-11D3-BF4B-00C04F79EFBC}") = "CodeStudy.JavaScript.ProJavaScript", "CodeStudy\JavaScript\CodeStudy.JavaScript.ProJavaScript\CodeStudy.JavaScript.ProJavaScript.csproj", "{51A31BAD-7C2E-436F-9E98-B95197177458}"
EndProject
Project("{FAE04EC0-301F-11D3-BF4B-00C04F79EFBC}") = "CodeStudy.Misc", "CodeStudy\Misc\CodeStudy.Misc\CodeStudy.Misc.csproj", "{E52E94D1-6056-4EB8-835E-8871E4A3C221}"
EndProject
Project("{FAE04EC0-301F-11D3-BF4B-00C04F79EFBC}") = "CodeStudy.Misc.WebFormHandler", "CodeStudy\Misc\CodeStudy.Misc.WebFormHandler\CodeStudy.Misc.WebFormHandler.csproj", "{07DD0310-F3D4-4CF2-85F2-52DE5511C9C9}"
EndProject
Project("{FAE04EC0-301F-11D3-BF4B-00C04F79EFBC}") = "CodeStudy.UI.ConAppResource", "CodeStudy\UI\CodeStudy.UI.ConAppResource\CodeStudy.UI.ConAppResource.csproj", "{E21424E5-D732-46FB-9D16-4BD86DA3ABE0}"
EndProject
Project("{FAE04EC0-301F-11D3-BF4B-00C04F79EFBC}") = "CodeStudy.UI.ConAppResourceSatelite", "CodeStudy\UI\CodeStudy.UI.ConAppResourceSatelite\CodeStudy.UI.ConAppResourceSatelite.csproj", "{4A8F24D8-D849-4E77-84AD-241D047FD8FF}"
EndProject
Project("{FAE04EC0-301F-11D3-BF4B-00C04F79EFBC}") = "CodeStudy.UI.EasyUI", "CodeStudy\UI\CodeStudy.UI.EasyUI\CodeStudy.UI.EasyUI.csproj", "{89CF315B-BA4C-42A1-9924-E8D48F60E120}"
EndProject
Project("{FAE04EC0-301F-11D3-BF4B-00C04F79EFBC}") = "CodeStudy.UI.EasyUI.Tests", "CodeStudy\UI\CodeStudy.UI.EasyUI.Tests\CodeStudy.UI.EasyUI.Tests.csproj", "{E741AF94-903A-4D37-8C5C-DC7AD4E148AC}"
EndProject
Project("{FAE04EC0-301F-11D3-BF4B-00C04F79EFBC}") = "CodeStudy.UI.Example", "CodeStudy\UI\CodeStudy.UI.Example\CodeStudy.UI.Example.csproj", "{71C36CBB-0CFC-43BF-A8C8-6AD402D21B14}"
EndProject
Project("{FAE04EC0-301F-11D3-BF4B-00C04F79EFBC}") = "CodeStudy.UI.ProMvc5", "CodeStudy\UI\CodeStudy.UI.ProMvc5\CodeStudy.UI.ProMvc5.csproj", "{BB74EACE-D530-4B27-B247-A06B813D278D}"
EndProject
Project("{FAE04EC0-301F-11D3-BF4B-00C04F79EFBC}") = "CodeStudy.UI.ProMvc5.Tests", "CodeStudy\UI\CodeStudy.UI.ProMvc5.Tests\CodeStudy.UI.ProMvc5.Tests.csproj", "{B4CBFCD7-A427-4BBF-9976-73514389E05F}"
EndProject
Project("{FAE04EC0-301F-11D3-BF4B-00C04F79EFBC}") = "Util.Domains.Tests", "Util.Domains.Tests\Util.Domains.Tests.csproj", "{5F34F579-CED1-4702-A90C-FAE17161C655}"
EndProject
Project("{2150E333-8FDC-42A3-9474-1A3956D46DE8}") = "0-Resource", "0-Resource", "{6FC3A046-311F-41BC-B652-700E6A5F4D2B}"
EndProject
Project("{FAE04EC0-301F-11D3-BF4B-00C04F79EFBC}") = "Universal.Resource", "Universal.Resource\Universal.Resource.csproj", "{9214D9DC-D7BF-49C5-9859-1FCF047B72D9}"
EndProject
Global
	GlobalSection(SolutionConfigurationPlatforms) = preSolution
		Debug|Any CPU = Debug|Any CPU
		Release|Any CPU = Release|Any CPU
	EndGlobalSection
	GlobalSection(ProjectConfigurationPlatforms) = postSolution
		{AEBF7DA9-54A4-4561-B711-E11B55D4467E}.Debug|Any CPU.ActiveCfg = Debug|Any CPU
		{AEBF7DA9-54A4-4561-B711-E11B55D4467E}.Debug|Any CPU.Build.0 = Debug|Any CPU
		{AEBF7DA9-54A4-4561-B711-E11B55D4467E}.Release|Any CPU.ActiveCfg = Release|Any CPU
		{AEBF7DA9-54A4-4561-B711-E11B55D4467E}.Release|Any CPU.Build.0 = Release|Any CPU
		{545FEC15-843D-4F51-A232-ED4BC88AF374}.Debug|Any CPU.ActiveCfg = Debug|Any CPU
		{545FEC15-843D-4F51-A232-ED4BC88AF374}.Debug|Any CPU.Build.0 = Debug|Any CPU
		{545FEC15-843D-4F51-A232-ED4BC88AF374}.Release|Any CPU.ActiveCfg = Release|Any CPU
		{545FEC15-843D-4F51-A232-ED4BC88AF374}.Release|Any CPU.Build.0 = Release|Any CPU
		{E0A03B9C-11E0-4300-8B2A-86ADDE04F450}.Debug|Any CPU.ActiveCfg = Debug|Any CPU
		{E0A03B9C-11E0-4300-8B2A-86ADDE04F450}.Debug|Any CPU.Build.0 = Debug|Any CPU
		{E0A03B9C-11E0-4300-8B2A-86ADDE04F450}.Release|Any CPU.ActiveCfg = Release|Any CPU
		{E0A03B9C-11E0-4300-8B2A-86ADDE04F450}.Release|Any CPU.Build.0 = Release|Any CPU
		{BB9CE649-C9A5-4776-8ACB-214491423DC5}.Debug|Any CPU.ActiveCfg = Debug|Any CPU
		{BB9CE649-C9A5-4776-8ACB-214491423DC5}.Debug|Any CPU.Build.0 = Debug|Any CPU
		{BB9CE649-C9A5-4776-8ACB-214491423DC5}.Release|Any CPU.ActiveCfg = Release|Any CPU
		{BB9CE649-C9A5-4776-8ACB-214491423DC5}.Release|Any CPU.Build.0 = Release|Any CPU
		{D7E41C7A-E335-4ECC-9220-68E7CCF57CC5}.Debug|Any CPU.ActiveCfg = Debug|Any CPU
		{D7E41C7A-E335-4ECC-9220-68E7CCF57CC5}.Debug|Any CPU.Build.0 = Debug|Any CPU
		{D7E41C7A-E335-4ECC-9220-68E7CCF57CC5}.Release|Any CPU.ActiveCfg = Release|Any CPU
		{D7E41C7A-E335-4ECC-9220-68E7CCF57CC5}.Release|Any CPU.Build.0 = Release|Any CPU
		{5FBF5C67-B60C-4CCE-A2E6-06BA78BFBB31}.Debug|Any CPU.ActiveCfg = Debug|Any CPU
		{5FBF5C67-B60C-4CCE-A2E6-06BA78BFBB31}.Debug|Any CPU.Build.0 = Debug|Any CPU
		{5FBF5C67-B60C-4CCE-A2E6-06BA78BFBB31}.Release|Any CPU.ActiveCfg = Release|Any CPU
		{5FBF5C67-B60C-4CCE-A2E6-06BA78BFBB31}.Release|Any CPU.Build.0 = Release|Any CPU
		{A8B7C8EE-7D75-4F2D-B42D-66DD4795BDA2}.Debug|Any CPU.ActiveCfg = Debug|Any CPU
		{A8B7C8EE-7D75-4F2D-B42D-66DD4795BDA2}.Debug|Any CPU.Build.0 = Debug|Any CPU
		{A8B7C8EE-7D75-4F2D-B42D-66DD4795BDA2}.Release|Any CPU.ActiveCfg = Release|Any CPU
		{A8B7C8EE-7D75-4F2D-B42D-66DD4795BDA2}.Release|Any CPU.Build.0 = Release|Any CPU
		{3FA27133-6279-4C88-AD4D-4D18B62CAE40}.Debug|Any CPU.ActiveCfg = Debug|Any CPU
		{3FA27133-6279-4C88-AD4D-4D18B62CAE40}.Debug|Any CPU.Build.0 = Debug|Any CPU
		{3FA27133-6279-4C88-AD4D-4D18B62CAE40}.Release|Any CPU.ActiveCfg = Release|Any CPU
		{3FA27133-6279-4C88-AD4D-4D18B62CAE40}.Release|Any CPU.Build.0 = Release|Any CPU
		{0902955B-7CD0-4EE6-8EFC-2982704B96A4}.Debug|Any CPU.ActiveCfg = Debug|Any CPU
		{0902955B-7CD0-4EE6-8EFC-2982704B96A4}.Debug|Any CPU.Build.0 = Debug|Any CPU
		{0902955B-7CD0-4EE6-8EFC-2982704B96A4}.Release|Any CPU.ActiveCfg = Release|Any CPU
		{0902955B-7CD0-4EE6-8EFC-2982704B96A4}.Release|Any CPU.Build.0 = Release|Any CPU
		{1AA31564-D9D8-4062-A044-88876BAF9DD0}.Debug|Any CPU.ActiveCfg = Debug|Any CPU
		{1AA31564-D9D8-4062-A044-88876BAF9DD0}.Debug|Any CPU.Build.0 = Debug|Any CPU
		{1AA31564-D9D8-4062-A044-88876BAF9DD0}.Release|Any CPU.ActiveCfg = Release|Any CPU
		{1AA31564-D9D8-4062-A044-88876BAF9DD0}.Release|Any CPU.Build.0 = Release|Any CPU
		{531A9402-E0CE-4121-AD93-47111D96618F}.Debug|Any CPU.ActiveCfg = Debug|Any CPU
		{531A9402-E0CE-4121-AD93-47111D96618F}.Debug|Any CPU.Build.0 = Debug|Any CPU
		{531A9402-E0CE-4121-AD93-47111D96618F}.Release|Any CPU.ActiveCfg = Release|Any CPU
		{531A9402-E0CE-4121-AD93-47111D96618F}.Release|Any CPU.Build.0 = Release|Any CPU
		{F7C63792-F2B1-401D-8BE9-FBA180B99A3A}.Debug|Any CPU.ActiveCfg = Debug|Any CPU
		{F7C63792-F2B1-401D-8BE9-FBA180B99A3A}.Debug|Any CPU.Build.0 = Debug|Any CPU
		{F7C63792-F2B1-401D-8BE9-FBA180B99A3A}.Release|Any CPU.ActiveCfg = Release|Any CPU
		{F7C63792-F2B1-401D-8BE9-FBA180B99A3A}.Release|Any CPU.Build.0 = Release|Any CPU
		{2C45C632-AFB5-4139-A896-5EBFA986F74E}.Debug|Any CPU.ActiveCfg = Debug|Any CPU
		{2C45C632-AFB5-4139-A896-5EBFA986F74E}.Debug|Any CPU.Build.0 = Debug|Any CPU
		{2C45C632-AFB5-4139-A896-5EBFA986F74E}.Release|Any CPU.ActiveCfg = Release|Any CPU
		{2C45C632-AFB5-4139-A896-5EBFA986F74E}.Release|Any CPU.Build.0 = Release|Any CPU
		{199F63D3-7A1F-41ED-8D5F-8EBA936FBF7F}.Debug|Any CPU.ActiveCfg = Debug|Any CPU
		{199F63D3-7A1F-41ED-8D5F-8EBA936FBF7F}.Debug|Any CPU.Build.0 = Debug|Any CPU
		{199F63D3-7A1F-41ED-8D5F-8EBA936FBF7F}.Release|Any CPU.ActiveCfg = Release|Any CPU
		{199F63D3-7A1F-41ED-8D5F-8EBA936FBF7F}.Release|Any CPU.Build.0 = Release|Any CPU
		{72D4422A-56A7-4A50-8D9E-D0742405FA8D}.Debug|Any CPU.ActiveCfg = Debug|Any CPU
		{72D4422A-56A7-4A50-8D9E-D0742405FA8D}.Debug|Any CPU.Build.0 = Debug|Any CPU
		{72D4422A-56A7-4A50-8D9E-D0742405FA8D}.Release|Any CPU.ActiveCfg = Release|Any CPU
		{72D4422A-56A7-4A50-8D9E-D0742405FA8D}.Release|Any CPU.Build.0 = Release|Any CPU
		{E4CE3607-7C7F-4EB4-92F9-E8FF33AABC79}.Debug|Any CPU.ActiveCfg = Debug|Any CPU
		{E4CE3607-7C7F-4EB4-92F9-E8FF33AABC79}.Debug|Any CPU.Build.0 = Debug|Any CPU
		{E4CE3607-7C7F-4EB4-92F9-E8FF33AABC79}.Release|Any CPU.ActiveCfg = Release|Any CPU
		{E4CE3607-7C7F-4EB4-92F9-E8FF33AABC79}.Release|Any CPU.Build.0 = Release|Any CPU
		{E2375A5D-6360-4A7B-A532-498534C941D5}.Debug|Any CPU.ActiveCfg = Debug|Any CPU
		{E2375A5D-6360-4A7B-A532-498534C941D5}.Debug|Any CPU.Build.0 = Debug|Any CPU
		{E2375A5D-6360-4A7B-A532-498534C941D5}.Release|Any CPU.ActiveCfg = Release|Any CPU
		{E2375A5D-6360-4A7B-A532-498534C941D5}.Release|Any CPU.Build.0 = Release|Any CPU
		{390133A9-85D0-4E9C-AC26-AE630B3D1124}.Debug|Any CPU.ActiveCfg = Debug|Any CPU
		{390133A9-85D0-4E9C-AC26-AE630B3D1124}.Debug|Any CPU.Build.0 = Debug|Any CPU
		{390133A9-85D0-4E9C-AC26-AE630B3D1124}.Release|Any CPU.ActiveCfg = Release|Any CPU
		{390133A9-85D0-4E9C-AC26-AE630B3D1124}.Release|Any CPU.Build.0 = Release|Any CPU
		{E53CCDB0-F7B6-481D-9AE9-DE7D94D2BC84}.Debug|Any CPU.ActiveCfg = Debug|Any CPU
		{E53CCDB0-F7B6-481D-9AE9-DE7D94D2BC84}.Debug|Any CPU.Build.0 = Debug|Any CPU
		{E53CCDB0-F7B6-481D-9AE9-DE7D94D2BC84}.Release|Any CPU.ActiveCfg = Release|Any CPU
		{E53CCDB0-F7B6-481D-9AE9-DE7D94D2BC84}.Release|Any CPU.Build.0 = Release|Any CPU
		{F947FC0F-DE0B-4A46-94E1-BFB504D30BE3}.Debug|Any CPU.ActiveCfg = Debug|Any CPU
		{F947FC0F-DE0B-4A46-94E1-BFB504D30BE3}.Debug|Any CPU.Build.0 = Debug|Any CPU
		{F947FC0F-DE0B-4A46-94E1-BFB504D30BE3}.Release|Any CPU.ActiveCfg = Release|Any CPU
		{F947FC0F-DE0B-4A46-94E1-BFB504D30BE3}.Release|Any CPU.Build.0 = Release|Any CPU
		{93FA507E-0C43-4465-8FF4-761703E7FCA4}.Debug|Any CPU.ActiveCfg = Debug|Any CPU
		{93FA507E-0C43-4465-8FF4-761703E7FCA4}.Debug|Any CPU.Build.0 = Debug|Any CPU
		{93FA507E-0C43-4465-8FF4-761703E7FCA4}.Release|Any CPU.ActiveCfg = Release|Any CPU
		{93FA507E-0C43-4465-8FF4-761703E7FCA4}.Release|Any CPU.Build.0 = Release|Any CPU
		{D36AF29C-68C7-45FF-AAF1-D16714E5AC8E}.Debug|Any CPU.ActiveCfg = Debug|Any CPU
		{D36AF29C-68C7-45FF-AAF1-D16714E5AC8E}.Debug|Any CPU.Build.0 = Debug|Any CPU
		{D36AF29C-68C7-45FF-AAF1-D16714E5AC8E}.Release|Any CPU.ActiveCfg = Release|Any CPU
		{D36AF29C-68C7-45FF-AAF1-D16714E5AC8E}.Release|Any CPU.Build.0 = Release|Any CPU
		{D512B446-0F57-4C91-90E5-5FB2A758E0D1}.Debug|Any CPU.ActiveCfg = Debug|Any CPU
		{D512B446-0F57-4C91-90E5-5FB2A758E0D1}.Debug|Any CPU.Build.0 = Debug|Any CPU
		{D512B446-0F57-4C91-90E5-5FB2A758E0D1}.Release|Any CPU.ActiveCfg = Release|Any CPU
		{D512B446-0F57-4C91-90E5-5FB2A758E0D1}.Release|Any CPU.Build.0 = Release|Any CPU
		{5BAC9C3C-7FA8-49E9-9F96-ED723E3B0BDF}.Debug|Any CPU.ActiveCfg = Debug|Any CPU
		{5BAC9C3C-7FA8-49E9-9F96-ED723E3B0BDF}.Debug|Any CPU.Build.0 = Debug|Any CPU
		{5BAC9C3C-7FA8-49E9-9F96-ED723E3B0BDF}.Release|Any CPU.ActiveCfg = Release|Any CPU
		{5BAC9C3C-7FA8-49E9-9F96-ED723E3B0BDF}.Release|Any CPU.Build.0 = Release|Any CPU
		{6A46A182-978E-49E6-85CA-69A159CB4A7F}.Debug|Any CPU.ActiveCfg = Debug|Any CPU
		{6A46A182-978E-49E6-85CA-69A159CB4A7F}.Debug|Any CPU.Build.0 = Debug|Any CPU
		{6A46A182-978E-49E6-85CA-69A159CB4A7F}.Release|Any CPU.ActiveCfg = Release|Any CPU
		{6A46A182-978E-49E6-85CA-69A159CB4A7F}.Release|Any CPU.Build.0 = Release|Any CPU
		{51A31BAD-7C2E-436F-9E98-B95197177458}.Debug|Any CPU.ActiveCfg = Debug|Any CPU
		{51A31BAD-7C2E-436F-9E98-B95197177458}.Debug|Any CPU.Build.0 = Debug|Any CPU
		{51A31BAD-7C2E-436F-9E98-B95197177458}.Release|Any CPU.ActiveCfg = Release|Any CPU
		{51A31BAD-7C2E-436F-9E98-B95197177458}.Release|Any CPU.Build.0 = Release|Any CPU
		{E52E94D1-6056-4EB8-835E-8871E4A3C221}.Debug|Any CPU.ActiveCfg = Debug|Any CPU
		{E52E94D1-6056-4EB8-835E-8871E4A3C221}.Debug|Any CPU.Build.0 = Debug|Any CPU
		{E52E94D1-6056-4EB8-835E-8871E4A3C221}.Release|Any CPU.ActiveCfg = Release|Any CPU
		{E52E94D1-6056-4EB8-835E-8871E4A3C221}.Release|Any CPU.Build.0 = Release|Any CPU
		{07DD0310-F3D4-4CF2-85F2-52DE5511C9C9}.Debug|Any CPU.ActiveCfg = Debug|Any CPU
		{07DD0310-F3D4-4CF2-85F2-52DE5511C9C9}.Debug|Any CPU.Build.0 = Debug|Any CPU
		{07DD0310-F3D4-4CF2-85F2-52DE5511C9C9}.Release|Any CPU.ActiveCfg = Release|Any CPU
		{07DD0310-F3D4-4CF2-85F2-52DE5511C9C9}.Release|Any CPU.Build.0 = Release|Any CPU
		{E21424E5-D732-46FB-9D16-4BD86DA3ABE0}.Debug|Any CPU.ActiveCfg = Debug|Any CPU
		{E21424E5-D732-46FB-9D16-4BD86DA3ABE0}.Debug|Any CPU.Build.0 = Debug|Any CPU
		{E21424E5-D732-46FB-9D16-4BD86DA3ABE0}.Release|Any CPU.ActiveCfg = Release|Any CPU
		{E21424E5-D732-46FB-9D16-4BD86DA3ABE0}.Release|Any CPU.Build.0 = Release|Any CPU
		{4A8F24D8-D849-4E77-84AD-241D047FD8FF}.Debug|Any CPU.ActiveCfg = Debug|Any CPU
		{4A8F24D8-D849-4E77-84AD-241D047FD8FF}.Debug|Any CPU.Build.0 = Debug|Any CPU
		{4A8F24D8-D849-4E77-84AD-241D047FD8FF}.Release|Any CPU.ActiveCfg = Release|Any CPU
		{4A8F24D8-D849-4E77-84AD-241D047FD8FF}.Release|Any CPU.Build.0 = Release|Any CPU
		{89CF315B-BA4C-42A1-9924-E8D48F60E120}.Debug|Any CPU.ActiveCfg = Debug|Any CPU
		{89CF315B-BA4C-42A1-9924-E8D48F60E120}.Debug|Any CPU.Build.0 = Debug|Any CPU
		{89CF315B-BA4C-42A1-9924-E8D48F60E120}.Release|Any CPU.ActiveCfg = Release|Any CPU
		{89CF315B-BA4C-42A1-9924-E8D48F60E120}.Release|Any CPU.Build.0 = Release|Any CPU
		{E741AF94-903A-4D37-8C5C-DC7AD4E148AC}.Debug|Any CPU.ActiveCfg = Debug|Any CPU
		{E741AF94-903A-4D37-8C5C-DC7AD4E148AC}.Debug|Any CPU.Build.0 = Debug|Any CPU
		{E741AF94-903A-4D37-8C5C-DC7AD4E148AC}.Release|Any CPU.ActiveCfg = Release|Any CPU
		{E741AF94-903A-4D37-8C5C-DC7AD4E148AC}.Release|Any CPU.Build.0 = Release|Any CPU
		{71C36CBB-0CFC-43BF-A8C8-6AD402D21B14}.Debug|Any CPU.ActiveCfg = Debug|Any CPU
		{71C36CBB-0CFC-43BF-A8C8-6AD402D21B14}.Debug|Any CPU.Build.0 = Debug|Any CPU
		{71C36CBB-0CFC-43BF-A8C8-6AD402D21B14}.Release|Any CPU.ActiveCfg = Release|Any CPU
		{71C36CBB-0CFC-43BF-A8C8-6AD402D21B14}.Release|Any CPU.Build.0 = Release|Any CPU
		{BB74EACE-D530-4B27-B247-A06B813D278D}.Debug|Any CPU.ActiveCfg = Debug|Any CPU
		{BB74EACE-D530-4B27-B247-A06B813D278D}.Debug|Any CPU.Build.0 = Debug|Any CPU
		{BB74EACE-D530-4B27-B247-A06B813D278D}.Release|Any CPU.ActiveCfg = Release|Any CPU
		{BB74EACE-D530-4B27-B247-A06B813D278D}.Release|Any CPU.Build.0 = Release|Any CPU
		{B4CBFCD7-A427-4BBF-9976-73514389E05F}.Debug|Any CPU.ActiveCfg = Debug|Any CPU
		{B4CBFCD7-A427-4BBF-9976-73514389E05F}.Debug|Any CPU.Build.0 = Debug|Any CPU
		{B4CBFCD7-A427-4BBF-9976-73514389E05F}.Release|Any CPU.ActiveCfg = Release|Any CPU
		{B4CBFCD7-A427-4BBF-9976-73514389E05F}.Release|Any CPU.Build.0 = Release|Any CPU
		{5F34F579-CED1-4702-A90C-FAE17161C655}.Debug|Any CPU.ActiveCfg = Debug|Any CPU
		{5F34F579-CED1-4702-A90C-FAE17161C655}.Debug|Any CPU.Build.0 = Debug|Any CPU
		{5F34F579-CED1-4702-A90C-FAE17161C655}.Release|Any CPU.ActiveCfg = Release|Any CPU
		{5F34F579-CED1-4702-A90C-FAE17161C655}.Release|Any CPU.Build.0 = Release|Any CPU
		{9214D9DC-D7BF-49C5-9859-1FCF047B72D9}.Debug|Any CPU.ActiveCfg = Debug|Any CPU
		{9214D9DC-D7BF-49C5-9859-1FCF047B72D9}.Debug|Any CPU.Build.0 = Debug|Any CPU
		{9214D9DC-D7BF-49C5-9859-1FCF047B72D9}.Release|Any CPU.ActiveCfg = Release|Any CPU
		{9214D9DC-D7BF-49C5-9859-1FCF047B72D9}.Release|Any CPU.Build.0 = Release|Any CPU
	EndGlobalSection
	GlobalSection(SolutionProperties) = preSolution
		HideSolutionNode = FALSE
	EndGlobalSection
	GlobalSection(NestedProjects) = preSolution
		{9971BD60-E75B-471B-B3B0-340EB0B8172A} = {4ECF4EB6-30AA-4456-8D36-C86317F0ED11}
		{9151012E-C990-4B5B-A470-6B0F7B9C6B51} = {4ECF4EB6-30AA-4456-8D36-C86317F0ED11}
		{2A18FD4C-E9BF-42D6-9BEF-CB4C92EBEEE5} = {4ECF4EB6-30AA-4456-8D36-C86317F0ED11}
		{0967D5C0-E1C0-4049-B69D-833A36FB1E16} = {4ECF4EB6-30AA-4456-8D36-C86317F0ED11}
		{DE2E2283-8E9C-46D8-836E-83E1174E5ECE} = {4ECF4EB6-30AA-4456-8D36-C86317F0ED11}
		{000E6221-4535-476B-84AF-B782A6B842B5} = {4ECF4EB6-30AA-4456-8D36-C86317F0ED11}
		{596DB967-DA3C-4D20-BA3D-F472D92E389A} = {4ECF4EB6-30AA-4456-8D36-C86317F0ED11}
		{C08D1499-63C6-4F13-BB0E-185432723BDD} = {A3B3B8FB-4835-4BAC-969E-24074DDE471B}
		{8E5D240B-4FB9-4E81-9945-A99773A571D6} = {A3B3B8FB-4835-4BAC-969E-24074DDE471B}
		{651AC251-10CE-4AE0-B3F5-2CB51C88A38B} = {A3B3B8FB-4835-4BAC-969E-24074DDE471B}
		{0BC1606A-4F65-4FD0-94CA-F6E99DE7102E} = {DAAF85A3-AD03-4896-AD78-05033BAFA527}
		{B3A88F5A-37BF-4009-8505-E445DE564F0D} = {0BC1606A-4F65-4FD0-94CA-F6E99DE7102E}
		{945F3F66-B6B4-4C14-86E7-06AB1CE6AE97} = {DAAF85A3-AD03-4896-AD78-05033BAFA527}
		{306C6380-2BBF-4B13-BA07-9351A89C648D} = {DAAF85A3-AD03-4896-AD78-05033BAFA527}
		{E47D66B4-0904-44C1-8604-227047EDC469} = {DAAF85A3-AD03-4896-AD78-05033BAFA527}
		{45CADF51-2329-483B-AD51-2DA1C76C739C} = {DAAF85A3-AD03-4896-AD78-05033BAFA527}
		{CFAA816F-2714-4F50-802F-A25097A89FF5} = {DAAF85A3-AD03-4896-AD78-05033BAFA527}
		{0AF8ED1D-FC0E-4CFE-A3F7-AD7E6CDCF4FC} = {DAAF85A3-AD03-4896-AD78-05033BAFA527}
		{43FE7506-AC99-4A82-A266-6D6532E8443B} = {0AF8ED1D-FC0E-4CFE-A3F7-AD7E6CDCF4FC}
		{616E2E89-B489-40A9-AA1A-3F9CCC1BE2F9} = {A3B3B8FB-4835-4BAC-969E-24074DDE471B}
		{59A2947E-3D85-4060-B277-4069BC506143} = {DAAF85A3-AD03-4896-AD78-05033BAFA527}
		{2EEC49B1-82C0-4F56-B000-B0005B4258A8} = {A3B3B8FB-4835-4BAC-969E-24074DDE471B}
		{DE3B2BBF-9A47-49FF-8C59-B74077FC14FC} = {0AF8ED1D-FC0E-4CFE-A3F7-AD7E6CDCF4FC}
		{AEBF7DA9-54A4-4561-B711-E11B55D4467E} = {43FE7506-AC99-4A82-A266-6D6532E8443B}
		{545FEC15-843D-4F51-A232-ED4BC88AF374} = {43FE7506-AC99-4A82-A266-6D6532E8443B}
		{E0A03B9C-11E0-4300-8B2A-86ADDE04F450} = {43FE7506-AC99-4A82-A266-6D6532E8443B}
		{BB9CE649-C9A5-4776-8ACB-214491423DC5} = {43FE7506-AC99-4A82-A266-6D6532E8443B}
		{D7E41C7A-E335-4ECC-9220-68E7CCF57CC5} = {DE3B2BBF-9A47-49FF-8C59-B74077FC14FC}
		{5FBF5C67-B60C-4CCE-A2E6-06BA78BFBB31} = {651AC251-10CE-4AE0-B3F5-2CB51C88A38B}
		{A8B7C8EE-7D75-4F2D-B42D-66DD4795BDA2} = {8E5D240B-4FB9-4E81-9945-A99773A571D6}
		{3FA27133-6279-4C88-AD4D-4D18B62CAE40} = {8E5D240B-4FB9-4E81-9945-A99773A571D6}
		{0902955B-7CD0-4EE6-8EFC-2982704B96A4} = {2EEC49B1-82C0-4F56-B000-B0005B4258A8}
		{1AA31564-D9D8-4062-A044-88876BAF9DD0} = {616E2E89-B489-40A9-AA1A-3F9CCC1BE2F9}
		{531A9402-E0CE-4121-AD93-47111D96618F} = {C08D1499-63C6-4F13-BB0E-185432723BDD}
		{F7C63792-F2B1-401D-8BE9-FBA180B99A3A} = {596DB967-DA3C-4D20-BA3D-F472D92E389A}
		{2C45C632-AFB5-4139-A896-5EBFA986F74E} = {2A18FD4C-E9BF-42D6-9BEF-CB4C92EBEEE5}
		{199F63D3-7A1F-41ED-8D5F-8EBA936FBF7F} = {945F3F66-B6B4-4C14-86E7-06AB1CE6AE97}
		{72D4422A-56A7-4A50-8D9E-D0742405FA8D} = {945F3F66-B6B4-4C14-86E7-06AB1CE6AE97}
		{E4CE3607-7C7F-4EB4-92F9-E8FF33AABC79} = {945F3F66-B6B4-4C14-86E7-06AB1CE6AE97}
		{E2375A5D-6360-4A7B-A532-498534C941D5} = {306C6380-2BBF-4B13-BA07-9351A89C648D}
		{390133A9-85D0-4E9C-AC26-AE630B3D1124} = {306C6380-2BBF-4B13-BA07-9351A89C648D}
		{E53CCDB0-F7B6-481D-9AE9-DE7D94D2BC84} = {306C6380-2BBF-4B13-BA07-9351A89C648D}
		{F947FC0F-DE0B-4A46-94E1-BFB504D30BE3} = {B3A88F5A-37BF-4009-8505-E445DE564F0D}
		{93FA507E-0C43-4465-8FF4-761703E7FCA4} = {B3A88F5A-37BF-4009-8505-E445DE564F0D}
		{D36AF29C-68C7-45FF-AAF1-D16714E5AC8E} = {B3A88F5A-37BF-4009-8505-E445DE564F0D}
		{D512B446-0F57-4C91-90E5-5FB2A758E0D1} = {B3A88F5A-37BF-4009-8505-E445DE564F0D}
		{5BAC9C3C-7FA8-49E9-9F96-ED723E3B0BDF} = {B3A88F5A-37BF-4009-8505-E445DE564F0D}
		{6A46A182-978E-49E6-85CA-69A159CB4A7F} = {E47D66B4-0904-44C1-8604-227047EDC469}
		{51A31BAD-7C2E-436F-9E98-B95197177458} = {E47D66B4-0904-44C1-8604-227047EDC469}
		{E52E94D1-6056-4EB8-835E-8871E4A3C221} = {45CADF51-2329-483B-AD51-2DA1C76C739C}
		{07DD0310-F3D4-4CF2-85F2-52DE5511C9C9} = {45CADF51-2329-483B-AD51-2DA1C76C739C}
		{E21424E5-D732-46FB-9D16-4BD86DA3ABE0} = {CFAA816F-2714-4F50-802F-A25097A89FF5}
		{4A8F24D8-D849-4E77-84AD-241D047FD8FF} = {CFAA816F-2714-4F50-802F-A25097A89FF5}
		{89CF315B-BA4C-42A1-9924-E8D48F60E120} = {CFAA816F-2714-4F50-802F-A25097A89FF5}
		{E741AF94-903A-4D37-8C5C-DC7AD4E148AC} = {CFAA816F-2714-4F50-802F-A25097A89FF5}
		{71C36CBB-0CFC-43BF-A8C8-6AD402D21B14} = {CFAA816F-2714-4F50-802F-A25097A89FF5}
		{BB74EACE-D530-4B27-B247-A06B813D278D} = {CFAA816F-2714-4F50-802F-A25097A89FF5}
		{B4CBFCD7-A427-4BBF-9976-73514389E05F} = {CFAA816F-2714-4F50-802F-A25097A89FF5}
		{5F34F579-CED1-4702-A90C-FAE17161C655} = {C08D1499-63C6-4F13-BB0E-185432723BDD}
		{6FC3A046-311F-41BC-B652-700E6A5F4D2B} = {4ECF4EB6-30AA-4456-8D36-C86317F0ED11}
		{9214D9DC-D7BF-49C5-9859-1FCF047B72D9} = {6FC3A046-311F-41BC-B652-700E6A5F4D2B}
	EndGlobalSection
EndGlobal
